#include <iostream>
#include <conio.h>
#include <windows.h>

using namespace std;

string opciones[] = { "JUGAR", "OPCIONES", "SALIR" };
int seleccion = 0;
const int NUM_OPCIONES = 3;

int getConsoleWidth() {
    CONSOLE_SCREEN_BUFFER_INFO csbi;
    int columns = 80;
    if (GetConsoleScreenBufferInfo(GetStdHandle(STD_OUTPUT_HANDLE), &csbi)) {
        columns = csbi.srWindow.Right - csbi.srWindow.Left + 1;
    }
    return columns;
}

void limpiarPantalla() {
    system("cls");
}

void imprimirCentrado(string texto) {
    int consolaAncho = getConsoleWidth();
    int espacio = (consolaAncho - texto.size()) / 2;
    for (int i = 0; i < espacio; i++) cout << " ";
    cout << texto << endl;
}

void menuDificultad() {
    string modos[] = { "NORMAL", "DIFICIL" };
    int seleccionModo = 0;
    const int NUM_MODOS = 2;
    bool enMenu = true;

    while (enMenu) {
        limpiarPantalla();
        imprimirCentrado("=== MODO DE JUEGO ===\n");
        cout << endl;

        for (int i = 0; i < NUM_MODOS; i++) {
            string linea;
            if (i == seleccionModo)
                linea = ">> " + modos[i] + " <<";
            else
                linea = "   " + modos[i];
            imprimirCentrado(linea);
        }

        char tecla = _getch();
        if (tecla == -32) {
            tecla = _getch();
            if (tecla == 72) seleccionModo = (seleccionModo - 1 + NUM_MODOS) % NUM_MODOS;
            else if (tecla == 80) seleccionModo = (seleccionModo + 1) % NUM_MODOS;
        }
        else if (tecla == 13) {
            
            enMenu = false;
        }
    }
}

void mostrarMenu() {
    limpiarPantalla();
    imprimirCentrado("=== MENU DE INICIO ===\n");
    cout << endl;

    for (int i = 0; i < NUM_OPCIONES; i++) {
        string linea;
        if (i == seleccion)
            linea = ">> " + opciones[i] + " <<";
        else
            linea = "   " + opciones[i];
        imprimirCentrado(linea);
    }
}

int main() {
    bool ejecutando = true;

    while (ejecutando) {
        mostrarMenu();

        char tecla = _getch();

        if (tecla == -32) {
            tecla = _getch();
            if (tecla == 72) seleccion = (seleccion - 1 + NUM_OPCIONES) % NUM_OPCIONES;
            else if (tecla == 80) seleccion = (seleccion + 1) % NUM_OPCIONES;
        }
        else if (tecla == 13) {
            if (opciones[seleccion] == "JUGAR") {
                menuDificultad();
            }
            else if (opciones[seleccion] == "OPCIONES") {
      
            }
            else if (opciones[seleccion] == "SALIR") {
                ejecutando = false;
            }
        }
    }

    return 0;
}
